
Microsoft Visual Studio Solution File, Format Version 12.00
Project("{FAE04EC0-301F-11D3-BF4B-00C04F79EFBC}") = "Winmd", "Winmd\Winmd.csproj", "{276CE57C-8729-4D2C-ABEC-663DDB041494}"
EndProject
Global
	GlobalSection(SolutionConfigurationPlatforms) = preSolution
		Debug|Any CPU = Debug|Any CPU
		Release|Any CPU = Release|Any CPU
	EndGlobalSection
	GlobalSection(ProjectConfigurationPlatforms) = postSolution
		{276CE57C-8729-4D2C-ABEC-663DDB041494}.Debug|Any CPU.ActiveCfg = Debug|Any CPU
		{276CE57C-8729-4D2C-ABEC-663DDB041494}.Debug|Any CPU.Build.0 = Debug|Any CPU
		{276CE57C-8729-4D2C-ABEC-663DDB041494}.Release|Any CPU.ActiveCfg = Release|Any CPU
		{276CE57C-8729-4D2C-ABEC-663DDB041494}.Release|Any CPU.Build.0 = Release|Any CPU
	EndGlobalSection
EndGlobal
